
Microsoft Visual Studio Solution File, Format Version 12.00
# Visual Studio 15
VisualStudioVersion = 15.0.27004.2002
MinimumVisualStudioVersion = 10.0.40219.1
Project("{9A19103F-16F7-4668-BE54-9A1E7A4F7556}") = "AdventOfCode.UnitTests", "AdventOfCode.UnitTests\AdventOfCode.UnitTests.csproj", "{A84E61FD-7DF4-4D17-BA4F-6879B5005E67}"
EndProject
Project("{9A19103F-16F7-4668-BE54-9A1E7A4F7556}") = "AdventOfCode.Day1", "AdventOfCode.Day1\AdventOfCode.Day1.csproj", "{0DF952BC-8B08-4A16-BE76-6A80419B7E03}"
EndProject
Project("{2150E333-8FDC-42A3-9474-1A3956D46DE8}") = "Solution Items", "Solution Items", "{D0CA596F-E2C5-4F3B-8FF2-6F4CD3F51CDA}"
	ProjectSection(SolutionItems) = preProject
		Readme.md = Readme.md
	EndProjectSection
EndProject
Project("{9A19103F-16F7-4668-BE54-9A1E7A4F7556}") = "AdventOfCode.Day2", "AdventOfCode.Day2\AdventOfCode.Day2.csproj", "{8BC5DAFB-B388-4C03-872B-EDE6BF8907EB}"
EndProject
Project("{9A19103F-16F7-4668-BE54-9A1E7A4F7556}") = "AdventOfCode.Day4", "AdventOfCode.Day4\AdventOfCode.Day4.csproj", "{A65EFB16-4173-4EAC-8DE2-61EA03CDEA65}"
EndProject
Project("{9A19103F-16F7-4668-BE54-9A1E7A4F7556}") = "AdventOfCode.Day5", "AdventOfCode.Day5\AdventOfCode.Day5.csproj", "{463ADE77-6F90-4C5C-BEAB-6CE5EB27685E}"
EndProject
Project("{9A19103F-16F7-4668-BE54-9A1E7A4F7556}") = "AdventOfCode.Day6", "AdventOfCode.Day6\AdventOfCode.Day6.csproj", "{FAB094BC-E032-4579-B775-DB5DA40F0B77}"
EndProject
Project("{9A19103F-16F7-4668-BE54-9A1E7A4F7556}") = "AdventOfCode.Day7", "AdventOfCode.Day7\AdventOfCode.Day7.csproj", "{A3EAAC3C-FE86-4429-9C9B-92CBA8C61F71}"
EndProject
Project("{9A19103F-16F7-4668-BE54-9A1E7A4F7556}") = "AdventOfCode.Day9", "AdventOfCode.Day9\AdventOfCode.Day9.csproj", "{E6643E3E-8059-408C-B551-F766A9C4BB2F}"
EndProject
Project("{9A19103F-16F7-4668-BE54-9A1E7A4F7556}") = "AdventOfCode.Day10", "AdventOfCode.Day10\AdventOfCode.Day10.csproj", "{B056CA08-BE00-483C-9B16-16F3A13237EA}"
EndProject
Project("{FAE04EC0-301F-11D3-BF4B-00C04F79EFBC}") = "AdventOfCode.Day11", "AdventOfCode.Day11\AdventOfCode.Day11.csproj", "{053F57ED-0DC8-47D5-9487-2D6F9FF5EBA2}"
EndProject
Global
	GlobalSection(SolutionConfigurationPlatforms) = preSolution
		Debug|Any CPU = Debug|Any CPU
		Release|Any CPU = Release|Any CPU
	EndGlobalSection
	GlobalSection(ProjectConfigurationPlatforms) = postSolution
		{A84E61FD-7DF4-4D17-BA4F-6879B5005E67}.Debug|Any CPU.ActiveCfg = Debug|Any CPU
		{A84E61FD-7DF4-4D17-BA4F-6879B5005E67}.Debug|Any CPU.Build.0 = Debug|Any CPU
		{A84E61FD-7DF4-4D17-BA4F-6879B5005E67}.Release|Any CPU.ActiveCfg = Release|Any CPU
		{A84E61FD-7DF4-4D17-BA4F-6879B5005E67}.Release|Any CPU.Build.0 = Release|Any CPU
		{0DF952BC-8B08-4A16-BE76-6A80419B7E03}.Debug|Any CPU.ActiveCfg = Debug|Any CPU
		{0DF952BC-8B08-4A16-BE76-6A80419B7E03}.Debug|Any CPU.Build.0 = Debug|Any CPU
		{0DF952BC-8B08-4A16-BE76-6A80419B7E03}.Release|Any CPU.ActiveCfg = Release|Any CPU
		{0DF952BC-8B08-4A16-BE76-6A80419B7E03}.Release|Any CPU.Build.0 = Release|Any CPU
		{8BC5DAFB-B388-4C03-872B-EDE6BF8907EB}.Debug|Any CPU.ActiveCfg = Debug|Any CPU
		{8BC5DAFB-B388-4C03-872B-EDE6BF8907EB}.Debug|Any CPU.Build.0 = Debug|Any CPU
		{8BC5DAFB-B388-4C03-872B-EDE6BF8907EB}.Release|Any CPU.ActiveCfg = Release|Any CPU
		{8BC5DAFB-B388-4C03-872B-EDE6BF8907EB}.Release|Any CPU.Build.0 = Release|Any CPU
		{A65EFB16-4173-4EAC-8DE2-61EA03CDEA65}.Debug|Any CPU.ActiveCfg = Debug|Any CPU
		{A65EFB16-4173-4EAC-8DE2-61EA03CDEA65}.Debug|Any CPU.Build.0 = Debug|Any CPU
		{A65EFB16-4173-4EAC-8DE2-61EA03CDEA65}.Release|Any CPU.ActiveCfg = Release|Any CPU
		{A65EFB16-4173-4EAC-8DE2-61EA03CDEA65}.Release|Any CPU.Build.0 = Release|Any CPU
		{463ADE77-6F90-4C5C-BEAB-6CE5EB27685E}.Debug|Any CPU.ActiveCfg = Debug|Any CPU
		{463ADE77-6F90-4C5C-BEAB-6CE5EB27685E}.Debug|Any CPU.Build.0 = Debug|Any CPU
		{463ADE77-6F90-4C5C-BEAB-6CE5EB27685E}.Release|Any CPU.ActiveCfg = Release|Any CPU
		{463ADE77-6F90-4C5C-BEAB-6CE5EB27685E}.Release|Any CPU.Build.0 = Release|Any CPU
		{FAB094BC-E032-4579-B775-DB5DA40F0B77}.Debug|Any CPU.ActiveCfg = Debug|Any CPU
		{FAB094BC-E032-4579-B775-DB5DA40F0B77}.Debug|Any CPU.Build.0 = Debug|Any CPU
		{FAB094BC-E032-4579-B775-DB5DA40F0B77}.Release|Any CPU.ActiveCfg = Release|Any CPU
		{FAB094BC-E032-4579-B775-DB5DA40F0B77}.Release|Any CPU.Build.0 = Release|Any CPU
		{A3EAAC3C-FE86-4429-9C9B-92CBA8C61F71}.Debug|Any CPU.ActiveCfg = Debug|Any CPU
		{A3EAAC3C-FE86-4429-9C9B-92CBA8C61F71}.Debug|Any CPU.Build.0 = Debug|Any CPU
		{A3EAAC3C-FE86-4429-9C9B-92CBA8C61F71}.Release|Any CPU.ActiveCfg = Release|Any CPU
		{A3EAAC3C-FE86-4429-9C9B-92CBA8C61F71}.Release|Any CPU.Build.0 = Release|Any CPU
		{E6643E3E-8059-408C-B551-F766A9C4BB2F}.Debug|Any CPU.ActiveCfg = Debug|Any CPU
		{E6643E3E-8059-408C-B551-F766A9C4BB2F}.Debug|Any CPU.Build.0 = Debug|Any CPU
		{E6643E3E-8059-408C-B551-F766A9C4BB2F}.Release|Any CPU.ActiveCfg = Release|Any CPU
		{E6643E3E-8059-408C-B551-F766A9C4BB2F}.Release|Any CPU.Build.0 = Release|Any CPU
		{B056CA08-BE00-483C-9B16-16F3A13237EA}.Debug|Any CPU.ActiveCfg = Debug|Any CPU
		{B056CA08-BE00-483C-9B16-16F3A13237EA}.Debug|Any CPU.Build.0 = Debug|Any CPU
		{B056CA08-BE00-483C-9B16-16F3A13237EA}.Release|Any CPU.ActiveCfg = Release|Any CPU
		{B056CA08-BE00-483C-9B16-16F3A13237EA}.Release|Any CPU.Build.0 = Release|Any CPU
		{053F57ED-0DC8-47D5-9487-2D6F9FF5EBA2}.Debug|Any CPU.ActiveCfg = Debug|Any CPU
		{053F57ED-0DC8-47D5-9487-2D6F9FF5EBA2}.Debug|Any CPU.Build.0 = Debug|Any CPU
		{053F57ED-0DC8-47D5-9487-2D6F9FF5EBA2}.Release|Any CPU.ActiveCfg = Release|Any CPU
		{053F57ED-0DC8-47D5-9487-2D6F9FF5EBA2}.Release|Any CPU.Build.0 = Release|Any CPU
	EndGlobalSection
	GlobalSection(SolutionProperties) = preSolution
		HideSolutionNode = FALSE
	EndGlobalSection
	GlobalSection(ExtensibilityGlobals) = postSolution
		SolutionGuid = {1EBBF562-44D3-4F5D-8CD0-FFBEB6341C88}
	EndGlobalSection
EndGlobal
